Microsoft Visual Studio Solution File, Format Version 12.00
# Visual Studio Version 17
VisualStudioVersion = 17.5.2.0
MinimumVisualStudioVersion = 10.0.40219.1
Project("{FAE04EC0-301F-11D3-BF4B-00C04F79EFBC}") = "mail_trigger", "mail_trigger.csproj", "{D09F15CC-413C-4B30-F0AF-E5D9B78C7F52}"
EndProject
Global
	GlobalSection(SolutionConfigurationPlatforms) = preSolution
		Debug|Any CPU = Debug|Any CPU
		Release|Any CPU = Release|Any CPU
	EndGlobalSection
	GlobalSection(ProjectConfigurationPlatforms) = postSolution
		{D09F15CC-413C-4B30-F0AF-E5D9B78C7F52}.Debug|Any CPU.ActiveCfg = Debug|Any CPU
		{D09F15CC-413C-4B30-F0AF-E5D9B78C7F52}.Debug|Any CPU.Build.0 = Debug|Any CPU
		{D09F15CC-413C-4B30-F0AF-E5D9B78C7F52}.Release|Any CPU.ActiveCfg = Release|Any CPU
		{D09F15CC-413C-4B30-F0AF-E5D9B78C7F52}.Release|Any CPU.Build.0 = Release|Any CPU
	EndGlobalSection
	GlobalSection(SolutionProperties) = preSolution
		HideSolutionNode = FALSE
	EndGlobalSection
	GlobalSection(ExtensibilityGlobals) = postSolution
		SolutionGuid = {029D20EA-1F8F-43C7-A673-FB29724D8CAB}
	EndGlobalSection
EndGlobal
